// !$*UTF8*$!
{
	archiveVersion = 1;
	classes = {
	};
	objectVersion = 51;
	objects = {

/* Begin PBXBuildFile section */
		01D5DED5946F48E2BD811B2E /* Pods_github_ribsTests.framework in Frameworks */ = {isa = PBXBuildFile; fileRef = 002D6CDFE1E43FE6465EB239 /* Pods_github_ribsTests.framework */; };
		3A5F341924C533B600F97A42 /* AppComponent.swift in Sources */ = {isa = PBXBuildFile; fileRef = 3A5F341824C533B600F97A42 /* AppComponent.swift */; };
		3A5F342024C535FA00F97A42 /* JobDetailRouter.swift in Sources */ = {isa = PBXBuildFile; fileRef = 3A5F341B24C535FA00F97A42 /* JobDetailRouter.swift */; };
		3A5F342124C535FA00F97A42 /* JobDetailViewController.storyboard in Resources */ = {isa = PBXBuildFile; fileRef = 3A5F341C24C535FA00F97A42 /* JobDetailViewController.storyboard */; };
		3A5F342224C535FA00F97A42 /* JobDetailViewController.swift in Sources */ = {isa = PBXBuildFile; fileRef = 3A5F341D24C535FA00F97A42 /* JobDetailViewController.swift */; };
		3A5F342324C535FA00F97A42 /* JobDetailBuilder.swift in Sources */ = {isa = PBXBuildFile; fileRef = 3A5F341E24C535FA00F97A42 /* JobDetailBuilder.swift */; };
		3A5F342424C535FA00F97A42 /* JobDetailInteractor.swift in Sources */ = {isa = PBXBuildFile; fileRef = 3A5F341F24C535FA00F97A42 /* JobDetailInteractor.swift */; };
		3A5F342A24C5850000F97A42 /* MainTableViewCell.swift in Sources */ = {isa = PBXBuildFile; fileRef = 3A5F342924C5850000F97A42 /* MainTableViewCell.swift */; };
		3A5F342D24C5A3AC00F97A42 /* JobListTestsInteractorTests.swift in Sources */ = {isa = PBXBuildFile; fileRef = 3A5F342B24C5A3AC00F97A42 /* JobListTestsInteractorTests.swift */; };
		3A5F342E24C5A3AC00F97A42 /* JobListTestsRouterTests.swift in Sources */ = {isa = PBXBuildFile; fileRef = 3A5F342C24C5A3AC00F97A42 /* JobListTestsRouterTests.swift */; };
		3AADBEC524C1480900DCE61F /* AppDelegate.swift in Sources */ = {isa = PBXBuildFile; fileRef = 3AADBEC424C1480900DCE61F /* AppDelegate.swift */; };
		3AADBEC724C1480900DCE61F /* SceneDelegate.swift in Sources */ = {isa = PBXBuildFile; fileRef = 3AADBEC624C1480900DCE61F /* SceneDelegate.swift */; };
		3AADBECC24C1480900DCE61F /* Main.storyboard in Resources */ = {isa = PBXBuildFile; fileRef = 3AADBECA24C1480900DCE61F /* Main.storyboard */; };
		3AADBECE24C1480900DCE61F /* Assets.xcassets in Resources */ = {isa = PBXBuildFile; fileRef = 3AADBECD24C1480900DCE61F /* Assets.xcassets */; };
		3AADBED124C1480900DCE61F /* LaunchScreen.storyboard in Resources */ = {isa = PBXBuildFile; fileRef = 3AADBECF24C1480900DCE61F /* LaunchScreen.storyboard */; };
		3AADBEDC24C1480A00DCE61F /* github_ribsTests.swift in Sources */ = {isa = PBXBuildFile; fileRef = 3AADBEDB24C1480A00DCE61F /* github_ribsTests.swift */; };
		3AADBEED24C14C3400DCE61F /* RootRouter.swift in Sources */ = {isa = PBXBuildFile; fileRef = 3AADBEE924C14C3400DCE61F /* RootRouter.swift */; };
		3AADBEEE24C14C3400DCE61F /* RootViewController.swift in Sources */ = {isa = PBXBuildFile; fileRef = 3AADBEEA24C14C3400DCE61F /* RootViewController.swift */; };
		3AADBEEF24C14C3400DCE61F /* RootBuilder.swift in Sources */ = {isa = PBXBuildFile; fileRef = 3AADBEEB24C14C3400DCE61F /* RootBuilder.swift */; };
		3AADBEF024C14C3400DCE61F /* RootInteractor.swift in Sources */ = {isa = PBXBuildFile; fileRef = 3AADBEEC24C14C3400DCE61F /* RootInteractor.swift */; };
		3AADBEF724C171EF00DCE61F /* JobListRouter.swift in Sources */ = {isa = PBXBuildFile; fileRef = 3AADBEF224C171EF00DCE61F /* JobListRouter.swift */; };
		3AADBEF824C171EF00DCE61F /* JobListViewController.storyboard in Resources */ = {isa = PBXBuildFile; fileRef = 3AADBEF324C171EF00DCE61F /* JobListViewController.storyboard */; };
		3AADBEF924C171EF00DCE61F /* JobListViewController.swift in Sources */ = {isa = PBXBuildFile; fileRef = 3AADBEF424C171EF00DCE61F /* JobListViewController.swift */; };
		3AADBEFA24C171EF00DCE61F /* JobListBuilder.swift in Sources */ = {isa = PBXBuildFile; fileRef = 3AADBEF524C171EF00DCE61F /* JobListBuilder.swift */; };
		3AADBEFB24C171EF00DCE61F /* JobListInteractor.swift in Sources */ = {isa = PBXBuildFile; fileRef = 3AADBEF624C171EF00DCE61F /* JobListInteractor.swift */; };
		3AADBEFF24C186B500DCE61F /* NetworkService.swift in Sources */ = {isa = PBXBuildFile; fileRef = 3AADBEFE24C186B500DCE61F /* NetworkService.swift */; };
		3AADBF0124C186C300DCE61F /* GIthubNetworkService.swift in Sources */ = {isa = PBXBuildFile; fileRef = 3AADBF0024C186C300DCE61F /* GIthubNetworkService.swift */; };
		3AADBF0324C186CB00DCE61F /* ImageNetworkService.swift in Sources */ = {isa = PBXBuildFile; fileRef = 3AADBF0224C186CB00DCE61F /* ImageNetworkService.swift */; };
		3AADBF0624C1871700DCE61F /* API.swift in Sources */ = {isa = PBXBuildFile; fileRef = 3AADBF0524C1871700DCE61F /* API.swift */; };
		3AADBF1224C1877C00DCE61F /* Utilities.swift in Sources */ = {isa = PBXBuildFile; fileRef = 3AADBF0824C1877C00DCE61F /* Utilities.swift */; };
		3AADBF1324C1877C00DCE61F /* ErrorTracker.swift in Sources */ = {isa = PBXBuildFile; fileRef = 3AADBF0924C1877C00DCE61F /* ErrorTracker.swift */; };
		3AADBF1424C1877C00DCE61F /* ActivityIndicator.swift in Sources */ = {isa = PBXBuildFile; fileRef = 3AADBF0A24C1877C00DCE61F /* ActivityIndicator.swift */; };
		3AADBF1524C1877C00DCE61F /* Observable+Ext.swift in Sources */ = {isa = PBXBuildFile; fileRef = 3AADBF0B24C1877C00DCE61F /* Observable+Ext.swift */; };
		3AADBF1624C1877C00DCE61F /* ObservableType+Extensions.swift in Sources */ = {isa = PBXBuildFile; fileRef = 3AADBF0D24C1877C00DCE61F /* ObservableType+Extensions.swift */; };
		3AADBF1824C1877C00DCE61F /* Data+Extensions.swift in Sources */ = {isa = PBXBuildFile; fileRef = 3AADBF0F24C1877C00DCE61F /* Data+Extensions.swift */; };
		3AADBF1924C1877C00DCE61F /* Alertable.swift in Sources */ = {isa = PBXBuildFile; fileRef = 3AADBF1124C1877C00DCE61F /* Alertable.swift */; };
		3AADBF1B24C18BD000DCE61F /* GithubJob.swift in Sources */ = {isa = PBXBuildFile; fileRef = 3AADBF1A24C18BD000DCE61F /* GithubJob.swift */; };
		3AADBF2524C18C6C00DCE61F /* AppConfigurations.swift in Sources */ = {isa = PBXBuildFile; fileRef = 3AADBF1F24C18C6C00DCE61F /* AppConfigurations.swift */; };
		CC5702775BCA9E068F97B14B /* Pods_github_ribs.framework in Frameworks */ = {isa = PBXBuildFile; fileRef = 5470EF80A3673B873B20836C /* Pods_github_ribs.framework */; };
/* End PBXBuildFile section */

/* Begin PBXContainerItemProxy section */
		3AADBED824C1480A00DCE61F /* PBXContainerItemProxy */ = {
			isa = PBXContainerItemProxy;
			containerPortal = 3AADBEB924C1480800DCE61F /* Project object */;
			proxyType = 1;
			remoteGlobalIDString = 3AADBEC024C1480800DCE61F;
			remoteInfo = "github-ribs";
		};
/* End PBXContainerItemProxy section */

/* Begin PBXFileReference section */
		002D6CDFE1E43FE6465EB239 /* Pods_github_ribsTests.framework */ = {isa = PBXFileReference; explicitFileType = wrapper.framework; includeInIndex = 0; path = Pods_github_ribsTests.framework; sourceTree = BUILT_PRODUCTS_DIR; };
		0819918586F59D7EEFAF8063 /* Pods-github-ribs.release.xcconfig */ = {isa = PBXFileReference; includeInIndex = 1; lastKnownFileType = text.xcconfig; name = "Pods-github-ribs.release.xcconfig"; path = "Target Support Files/Pods-github-ribs/Pods-github-ribs.release.xcconfig"; sourceTree = "<group>"; };
		3A5F341824C533B600F97A42 /* AppComponent.swift */ = {isa = PBXFileReference; lastKnownFileType = sourcecode.swift; path = AppComponent.swift; sourceTree = "<group>"; };
		3A5F341B24C535FA00F97A42 /* JobDetailRouter.swift */ = {isa = PBXFileReference; lastKnownFileType = sourcecode.swift; path = JobDetailRouter.swift; sourceTree = "<group>"; };
		3A5F341C24C535FA00F97A42 /* JobDetailViewController.storyboard */ = {isa = PBXFileReference; lastKnownFileType = file.storyboard; path = JobDetailViewController.storyboard; sourceTree = "<group>"; };
		3A5F341D24C535FA00F97A42 /* JobDetailViewController.swift */ = {isa = PBXFileReference; lastKnownFileType = sourcecode.swift; path = JobDetailViewController.swift; sourceTree = "<group>"; };
		3A5F341E24C535FA00F97A42 /* JobDetailBuilder.swift */ = {isa = PBXFileReference; lastKnownFileType = sourcecode.swift; path = JobDetailBuilder.swift; sourceTree = "<group>"; };
		3A5F341F24C535FA00F97A42 /* JobDetailInteractor.swift */ = {isa = PBXFileReference; lastKnownFileType = sourcecode.swift; path = JobDetailInteractor.swift; sourceTree = "<group>"; };
		3A5F342924C5850000F97A42 /* MainTableViewCell.swift */ = {isa = PBXFileReference; fileEncoding = 4; lastKnownFileType = sourcecode.swift; path = MainTableViewCell.swift; sourceTree = "<group>"; };
		3A5F342B24C5A3AC00F97A42 /* JobListTestsInteractorTests.swift */ = {isa = PBXFileReference; lastKnownFileType = sourcecode.swift; path = JobListTestsInteractorTests.swift; sourceTree = "<group>"; };
		3A5F342C24C5A3AC00F97A42 /* JobListTestsRouterTests.swift */ = {isa = PBXFileReference; lastKnownFileType = sourcecode.swift; path = JobListTestsRouterTests.swift; sourceTree = "<group>"; };
		3AADBEC124C1480800DCE61F /* github-ribs.app */ = {isa = PBXFileReference; explicitFileType = wrapper.application; includeInIndex = 0; path = "github-ribs.app"; sourceTree = BUILT_PRODUCTS_DIR; };
		3AADBEC424C1480900DCE61F /* AppDelegate.swift */ = {isa = PBXFileReference; lastKnownFileType = sourcecode.swift; path = AppDelegate.swift; sourceTree = "<group>"; };
		3AADBEC624C1480900DCE61F /* SceneDelegate.swift */ = {isa = PBXFileReference; lastKnownFileType = sourcecode.swift; path = SceneDelegate.swift; sourceTree = "<group>"; };
		3AADBECB24C1480900DCE61F /* Base */ = {isa = PBXFileReference; lastKnownFileType = file.storyboard; name = Base; path = Base.lproj/Main.storyboard; sourceTree = "<group>"; };
		3AADBECD24C1480900DCE61F /* Assets.xcassets */ = {isa = PBXFileReference; lastKnownFileType = folder.assetcatalog; path = Assets.xcassets; sourceTree = "<group>"; };
		3AADBED024C1480900DCE61F /* Base */ = {isa = PBXFileReference; lastKnownFileType = file.storyboard; name = Base; path = Base.lproj/LaunchScreen.storyboard; sourceTree = "<group>"; };
		3AADBED224C1480900DCE61F /* Info.plist */ = {isa = PBXFileReference; lastKnownFileType = text.plist.xml; path = Info.plist; sourceTree = "<group>"; };
		3AADBED724C1480A00DCE61F /* github-ribsTests.xctest */ = {isa = PBXFileReference; explicitFileType = wrapper.cfbundle; includeInIndex = 0; path = "github-ribsTests.xctest"; sourceTree = BUILT_PRODUCTS_DIR; };
		3AADBEDB24C1480A00DCE61F /* github_ribsTests.swift */ = {isa = PBXFileReference; lastKnownFileType = sourcecode.swift; path = github_ribsTests.swift; sourceTree = "<group>"; };
		3AADBEDD24C1480A00DCE61F /* Info.plist */ = {isa = PBXFileReference; lastKnownFileType = text.plist.xml; path = Info.plist; sourceTree = "<group>"; };
		3AADBEE924C14C3400DCE61F /* RootRouter.swift */ = {isa = PBXFileReference; lastKnownFileType = sourcecode.swift; path = RootRouter.swift; sourceTree = "<group>"; };
		3AADBEEA24C14C3400DCE61F /* RootViewController.swift */ = {isa = PBXFileReference; lastKnownFileType = sourcecode.swift; path = RootViewController.swift; sourceTree = "<group>"; };
		3AADBEEB24C14C3400DCE61F /* RootBuilder.swift */ = {isa = PBXFileReference; lastKnownFileType = sourcecode.swift; path = RootBuilder.swift; sourceTree = "<group>"; };
		3AADBEEC24C14C3400DCE61F /* RootInteractor.swift */ = {isa = PBXFileReference; lastKnownFileType = sourcecode.swift; path = RootInteractor.swift; sourceTree = "<group>"; };
		3AADBEF224C171EF00DCE61F /* JobListRouter.swift */ = {isa = PBXFileReference; lastKnownFileType = sourcecode.swift; path = JobListRouter.swift; sourceTree = "<group>"; };
		3AADBEF324C171EF00DCE61F /* JobListViewController.storyboard */ = {isa = PBXFileReference; lastKnownFileType = file.storyboard; path = JobListViewController.storyboard; sourceTree = "<group>"; };
		3AADBEF424C171EF00DCE61F /* JobListViewController.swift */ = {isa = PBXFileReference; lastKnownFileType = sourcecode.swift; path = JobListViewController.swift; sourceTree = "<group>"; };
		3AADBEF524C171EF00DCE61F /* JobListBuilder.swift */ = {isa = PBXFileReference; lastKnownFileType = sourcecode.swift; path = JobListBuilder.swift; sourceTree = "<group>"; };
		3AADBEF624C171EF00DCE61F /* JobListInteractor.swift */ = {isa = PBXFileReference; lastKnownFileType = sourcecode.swift; path = JobListInteractor.swift; sourceTree = "<group>"; };
		3AADBEFE24C186B500DCE61F /* NetworkService.swift */ = {isa = PBXFileReference; lastKnownFileType = sourcecode.swift; path = NetworkService.swift; sourceTree = "<group>"; };
		3AADBF0024C186C300DCE61F /* GIthubNetworkService.swift */ = {isa = PBXFileReference; lastKnownFileType = sourcecode.swift; path = GIthubNetworkService.swift; sourceTree = "<group>"; };
		3AADBF0224C186CB00DCE61F /* ImageNetworkService.swift */ = {isa = PBXFileReference; lastKnownFileType = sourcecode.swift; path = ImageNetworkService.swift; sourceTree = "<group>"; };
		3AADBF0524C1871700DCE61F /* API.swift */ = {isa = PBXFileReference; lastKnownFileType = sourcecode.swift; path = API.swift; sourceTree = "<group>"; };
		3AADBF0824C1877C00DCE61F /* Utilities.swift */ = {isa = PBXFileReference; fileEncoding = 4; lastKnownFileType = sourcecode.swift; path = Utilities.swift; sourceTree = "<group>"; };
		3AADBF0924C1877C00DCE61F /* ErrorTracker.swift */ = {isa = PBXFileReference; fileEncoding = 4; lastKnownFileType = sourcecode.swift; path = ErrorTracker.swift; sourceTree = "<group>"; };
		3AADBF0A24C1877C00DCE61F /* ActivityIndicator.swift */ = {isa = PBXFileReference; fileEncoding = 4; lastKnownFileType = sourcecode.swift; path = ActivityIndicator.swift; sourceTree = "<group>"; };
		3AADBF0B24C1877C00DCE61F /* Observable+Ext.swift */ = {isa = PBXFileReference; fileEncoding = 4; lastKnownFileType = sourcecode.swift; path = "Observable+Ext.swift"; sourceTree = "<group>"; };
		3AADBF0D24C1877C00DCE61F /* ObservableType+Extensions.swift */ = {isa = PBXFileReference; fileEncoding = 4; lastKnownFileType = sourcecode.swift; path = "ObservableType+Extensions.swift"; sourceTree = "<group>"; };
		3AADBF0F24C1877C00DCE61F /* Data+Extensions.swift */ = {isa = PBXFileReference; fileEncoding = 4; lastKnownFileType = sourcecode.swift; path = "Data+Extensions.swift"; sourceTree = "<group>"; };
		3AADBF1124C1877C00DCE61F /* Alertable.swift */ = {isa = PBXFileReference; fileEncoding = 4; lastKnownFileType = sourcecode.swift; path = Alertable.swift; sourceTree = "<group>"; };
		3AADBF1A24C18BD000DCE61F /* GithubJob.swift */ = {isa = PBXFileReference; lastKnownFileType = sourcecode.swift; path = GithubJob.swift; sourceTree = "<group>"; };
		3AADBF1F24C18C6C00DCE61F /* AppConfigurations.swift */ = {isa = PBXFileReference; fileEncoding = 4; lastKnownFileType = sourcecode.swift; path = AppConfigurations.swift; sourceTree = "<group>"; };
		52DFA58854229262AE4A7D1B /* Pods-github-ribsTests.release.xcconfig */ = {isa = PBXFileReference; includeInIndex = 1; lastKnownFileType = text.xcconfig; name = "Pods-github-ribsTests.release.xcconfig"; path = "Target Support Files/Pods-github-ribsTests/Pods-github-ribsTests.release.xcconfig"; sourceTree = "<group>"; };
		534317AADED6AF752FA713BC /* Pods-github-ribsTests.debug.xcconfig */ = {isa = PBXFileReference; includeInIndex = 1; lastKnownFileType = text.xcconfig; name = "Pods-github-ribsTests.debug.xcconfig"; path = "Target Support Files/Pods-github-ribsTests/Pods-github-ribsTests.debug.xcconfig"; sourceTree = "<group>"; };
		5470EF80A3673B873B20836C /* Pods_github_ribs.framework */ = {isa = PBXFileReference; explicitFileType = wrapper.framework; includeInIndex = 0; path = Pods_github_ribs.framework; sourceTree = BUILT_PRODUCTS_DIR; };
		B3AD9F195DAFCB572630B183 /* Pods-github-ribs.debug.xcconfig */ = {isa = PBXFileReference; includeInIndex = 1; lastKnownFileType = text.xcconfig; name = "Pods-github-ribs.debug.xcconfig"; path = "Target Support Files/Pods-github-ribs/Pods-github-ribs.debug.xcconfig"; sourceTree = "<group>"; };
/* End PBXFileReference section */

/* Begin PBXFrameworksBuildPhase section */
		3AADBEBE24C1480800DCE61F /* Frameworks */ = {
			isa = PBXFrameworksBuildPhase;
			buildActionMask = 2147483647;
			files = (
				CC5702775BCA9E068F97B14B /* Pods_github_ribs.framework in Frameworks */,
			);
			runOnlyForDeploymentPostprocessing = 0;
		};
		3AADBED424C1480A00DCE61F /* Frameworks */ = {
			isa = PBXFrameworksBuildPhase;
			buildActionMask = 2147483647;
			files = (
				01D5DED5946F48E2BD811B2E /* Pods_github_ribsTests.framework in Frameworks */,
			);
			runOnlyForDeploymentPostprocessing = 0;
		};
/* End PBXFrameworksBuildPhase section */

/* Begin PBXGroup section */
		293F24833F0FDCC8E9EF29F6 /* Pods */ = {
			isa = PBXGroup;
			children = (
				B3AD9F195DAFCB572630B183 /* Pods-github-ribs.debug.xcconfig */,
				0819918586F59D7EEFAF8063 /* Pods-github-ribs.release.xcconfig */,
				534317AADED6AF752FA713BC /* Pods-github-ribsTests.debug.xcconfig */,
				52DFA58854229262AE4A7D1B /* Pods-github-ribsTests.release.xcconfig */,
			);
			path = Pods;
			sourceTree = "<group>";
		};
		2A5D7AAFC150ECE1B626F89F /* Frameworks */ = {
			isa = PBXGroup;
			children = (
				5470EF80A3673B873B20836C /* Pods_github_ribs.framework */,
				002D6CDFE1E43FE6465EB239 /* Pods_github_ribsTests.framework */,
			);
			name = Frameworks;
			sourceTree = "<group>";
		};
		3A5F341A24C535DD00F97A42 /* JobDetail */ = {
			isa = PBXGroup;
			children = (
				3A5F341E24C535FA00F97A42 /* JobDetailBuilder.swift */,
				3A5F341F24C535FA00F97A42 /* JobDetailInteractor.swift */,
				3A5F341B24C535FA00F97A42 /* JobDetailRouter.swift */,
				3A5F341D24C535FA00F97A42 /* JobDetailViewController.swift */,
				3A5F341C24C535FA00F97A42 /* JobDetailViewController.storyboard */,
			);
			path = JobDetail;
			sourceTree = "<group>";
		};
		3A5F342524C5848600F97A42 /* Cells */ = {
			isa = PBXGroup;
			children = (
				3A5F342924C5850000F97A42 /* MainTableViewCell.swift */,
			);
			path = Cells;
			sourceTree = "<group>";
		};
		3AADBEB824C1480800DCE61F = {
			isa = PBXGroup;
			children = (
				3AADBEC324C1480900DCE61F /* github-ribs */,
				3AADBEDA24C1480A00DCE61F /* github-ribsTests */,
				3AADBEC224C1480800DCE61F /* Products */,
				293F24833F0FDCC8E9EF29F6 /* Pods */,
				2A5D7AAFC150ECE1B626F89F /* Frameworks */,
			);
			sourceTree = "<group>";
		};
		3AADBEC224C1480800DCE61F /* Products */ = {
			isa = PBXGroup;
			children = (
				3AADBEC124C1480800DCE61F /* github-ribs.app */,
				3AADBED724C1480A00DCE61F /* github-ribsTests.xctest */,
			);
			name = Products;
			sourceTree = "<group>";
		};
		3AADBEC324C1480900DCE61F /* github-ribs */ = {
			isa = PBXGroup;
			children = (
				3AADBEE624C14BF400DCE61F /* Classes */,
				3AADBEE724C14C0C00DCE61F /* Resources */,
			);
			path = "github-ribs";
			sourceTree = "<group>";
		};
		3AADBEDA24C1480A00DCE61F /* github-ribsTests */ = {
			isa = PBXGroup;
			children = (
				3AADBEDB24C1480A00DCE61F /* github_ribsTests.swift */,
				3AADBEDD24C1480A00DCE61F /* Info.plist */,
				3A5F342B24C5A3AC00F97A42 /* JobListTestsInteractorTests.swift */,
				3A5F342C24C5A3AC00F97A42 /* JobListTestsRouterTests.swift */,
			);
			path = "github-ribsTests";
			sourceTree = "<group>";
		};
		3AADBEE624C14BF400DCE61F /* Classes */ = {
			isa = PBXGroup;
			children = (
				3AADBF1C24C18C6C00DCE61F /* Application */,
				3AADBF0424C186FD00DCE61F /* APIEndPoints */,
				3AADBEFD24C1869700DCE61F /* Services */,
				3AADBEFC24C1844A00DCE61F /* Model */,
				3AADBEE824C14C1F00DCE61F /* Root */,
				3AADBEF124C171C000DCE61F /* JobList */,
				3A5F341A24C535DD00F97A42 /* JobDetail */,
				3AADBF0724C1877C00DCE61F /* Utils */,
				3AADBEC424C1480900DCE61F /* AppDelegate.swift */,
				3AADBEC624C1480900DCE61F /* SceneDelegate.swift */,
			);
			path = Classes;
			sourceTree = "<group>";
		};
		3AADBEE724C14C0C00DCE61F /* Resources */ = {
			isa = PBXGroup;
			children = (
				3AADBECA24C1480900DCE61F /* Main.storyboard */,
				3AADBECD24C1480900DCE61F /* Assets.xcassets */,
				3AADBECF24C1480900DCE61F /* LaunchScreen.storyboard */,
				3AADBED224C1480900DCE61F /* Info.plist */,
			);
			name = Resources;
			sourceTree = "<group>";
		};
		3AADBEE824C14C1F00DCE61F /* Root */ = {
			isa = PBXGroup;
			children = (
				3AADBEE924C14C3400DCE61F /* RootRouter.swift */,
				3AADBEEA24C14C3400DCE61F /* RootViewController.swift */,
				3AADBEEB24C14C3400DCE61F /* RootBuilder.swift */,
				3AADBEEC24C14C3400DCE61F /* RootInteractor.swift */,
			);
			path = Root;
			sourceTree = "<group>";
		};
		3AADBEF124C171C000DCE61F /* JobList */ = {
			isa = PBXGroup;
			children = (
				3A5F342524C5848600F97A42 /* Cells */,
				3AADBEF524C171EF00DCE61F /* JobListBuilder.swift */,
				3AADBEF624C171EF00DCE61F /* JobListInteractor.swift */,
				3AADBEF224C171EF00DCE61F /* JobListRouter.swift */,
				3AADBEF424C171EF00DCE61F /* JobListViewController.swift */,
				3AADBEF324C171EF00DCE61F /* JobListViewController.storyboard */,
			);
			path = JobList;
			sourceTree = "<group>";
		};
		3AADBEFC24C1844A00DCE61F /* Model */ = {
			isa = PBXGroup;
			children = (
				3AADBF1A24C18BD000DCE61F /* GithubJob.swift */,
			);
			path = Model;
			sourceTree = "<group>";
		};
		3AADBEFD24C1869700DCE61F /* Services */ = {
			isa = PBXGroup;
			children = (
				3AADBEFE24C186B500DCE61F /* NetworkService.swift */,
				3AADBF0024C186C300DCE61F /* GIthubNetworkService.swift */,
				3AADBF0224C186CB00DCE61F /* ImageNetworkService.swift */,
			);
			path = Services;
			sourceTree = "<group>";
		};
		3AADBF0424C186FD00DCE61F /* APIEndPoints */ = {
			isa = PBXGroup;
			children = (
				3AADBF0524C1871700DCE61F /* API.swift */,
			);
			path = APIEndPoints;
			sourceTree = "<group>";
		};
		3AADBF0724C1877C00DCE61F /* Utils */ = {
			isa = PBXGroup;
			children = (
				3AADBF0C24C1877C00DCE61F /* Extensions */,
				3AADBF1024C1877C00DCE61F /* Protocols */,
				3AADBF0824C1877C00DCE61F /* Utilities.swift */,
				3AADBF0924C1877C00DCE61F /* ErrorTracker.swift */,
				3AADBF0A24C1877C00DCE61F /* ActivityIndicator.swift */,
				3AADBF0B24C1877C00DCE61F /* Observable+Ext.swift */,
			);
			path = Utils;
			sourceTree = "<group>";
		};
		3AADBF0C24C1877C00DCE61F /* Extensions */ = {
			isa = PBXGroup;
			children = (
				3AADBF0D24C1877C00DCE61F /* ObservableType+Extensions.swift */,
				3AADBF0F24C1877C00DCE61F /* Data+Extensions.swift */,
			);
			path = Extensions;
			sourceTree = "<group>";
		};
		3AADBF1024C1877C00DCE61F /* Protocols */ = {
			isa = PBXGroup;
			children = (
				3AADBF1124C1877C00DCE61F /* Alertable.swift */,
			);
			path = Protocols;
			sourceTree = "<group>";
		};
		3AADBF1C24C18C6C00DCE61F /* Application */ = {
			isa = PBXGroup;
			children = (
				3AADBF1F24C18C6C00DCE61F /* AppConfigurations.swift */,
				3A5F341824C533B600F97A42 /* AppComponent.swift */,
			);
			path = Application;
			sourceTree = "<group>";
		};
/* End PBXGroup section */

/* Begin PBXNativeTarget section */
		3AADBEC024C1480800DCE61F /* github-ribs */ = {
			isa = PBXNativeTarget;
			buildConfigurationList = 3AADBEE024C1480A00DCE61F /* Build configuration list for PBXNativeTarget "github-ribs" */;
			buildPhases = (
				1E70189D5540CAA3FC9EB706 /* [CP] Check Pods Manifest.lock */,
				3AADBEBD24C1480800DCE61F /* Sources */,
				3AADBEBE24C1480800DCE61F /* Frameworks */,
				3AADBEBF24C1480800DCE61F /* Resources */,
				14C325DAAC666743E7D17723 /* [CP] Embed Pods Frameworks */,
			);
			buildRules = (
			);
			dependencies = (
			);
			name = "github-ribs";
			productName = "github-ribs";
			productReference = 3AADBEC124C1480800DCE61F /* github-ribs.app */;
			productType = "com.apple.product-type.application";
		};
		3AADBED624C1480A00DCE61F /* github-ribsTests */ = {
			isa = PBXNativeTarget;
			buildConfigurationList = 3AADBEE324C1480A00DCE61F /* Build configuration list for PBXNativeTarget "github-ribsTests" */;
			buildPhases = (
				003F5237B0856C95FD99DF62 /* [CP] Check Pods Manifest.lock */,
				3AADBED324C1480A00DCE61F /* Sources */,
				3AADBED424C1480A00DCE61F /* Frameworks */,
				3AADBED524C1480A00DCE61F /* Resources */,
			);
			buildRules = (
			);
			dependencies = (
				3AADBED924C1480A00DCE61F /* PBXTargetDependency */,
			);
			name = "github-ribsTests";
			productName = "github-ribsTests";
			productReference = 3AADBED724C1480A00DCE61F /* github-ribsTests.xctest */;
			productType = "com.apple.product-type.bundle.unit-test";
		};
/* End PBXNativeTarget section */

/* Begin PBXProject section */
		3AADBEB924C1480800DCE61F /* Project object */ = {
			isa = PBXProject;
			attributes = {
				LastSwiftUpdateCheck = 1160;
				LastUpgradeCheck = 1160;
				ORGANIZATIONNAME = "HS Lee";
				TargetAttributes = {
					3AADBEC024C1480800DCE61F = {
						CreatedOnToolsVersion = 11.6;
					};
					3AADBED624C1480A00DCE61F = {
						CreatedOnToolsVersion = 11.6;
						TestTargetID = 3AADBEC024C1480800DCE61F;
					};
				};
			};
			buildConfigurationList = 3AADBEBC24C1480800DCE61F /* Build configuration list for PBXProject "github-ribs" */;
			compatibilityVersion = "Xcode 9.3";
			developmentRegion = en;
			hasScannedForEncodings = 0;
			knownRegions = (
				en,
				Base,
			);
			mainGroup = 3AADBEB824C1480800DCE61F;
			productRefGroup = 3AADBEC224C1480800DCE61F /* Products */;
			projectDirPath = "";
			projectRoot = "";
			targets = (
				3AADBEC024C1480800DCE61F /* github-ribs */,
				3AADBED624C1480A00DCE61F /* github-ribsTests */,
			);
		};
/* End PBXProject section */

/* Begin PBXResourcesBuildPhase section */
		3AADBEBF24C1480800DCE61F /* Resources */ = {
			isa = PBXResourcesBuildPhase;
			buildActionMask = 2147483647;
			files = (
				3A5F342124C535FA00F97A42 /* JobDetailViewController.storyboard in Resources */,
				3AADBED124C1480900DCE61F /* LaunchScreen.storyboard in Resources */,
				3AADBECE24C1480900DCE61F /* Assets.xcassets in Resources */,
				3AADBEF824C171EF00DCE61F /* JobListViewController.storyboard in Resources */,
				3AADBECC24C1480900DCE61F /* Main.storyboard in Resources */,
			);
			runOnlyForDeploymentPostprocessing = 0;
		};
		3AADBED524C1480A00DCE61F /* Resources */ = {
			isa = PBXResourcesBuildPhase;
			buildActionMask = 2147483647;
			files = (
			);
			runOnlyForDeploymentPostprocessing = 0;
		};
/* End PBXResourcesBuildPhase section */

/* Begin PBXShellScriptBuildPhase section */
		003F5237B0856C95FD99DF62 /* [CP] Check Pods Manifest.lock */ = {
			isa = PBXShellScriptBuildPhase;
			buildActionMask = 2147483647;
			files = (
			);
			inputFileListPaths = (
			);
			inputPaths = (
				"${PODS_PODFILE_DIR_PATH}/Podfile.lock",
				"${PODS_ROOT}/Manifest.lock",
			);
			name = "[CP] Check Pods Manifest.lock";
			outputFileListPaths = (
			);
			outputPaths = (
				"$(DERIVED_FILE_DIR)/Pods-github-ribsTests-checkManifestLockResult.txt",
			);
			runOnlyForDeploymentPostprocessing = 0;
			shellPath = /bin/sh;
			shellScript = "diff \"${PODS_PODFILE_DIR_PATH}/Podfile.lock\" \"${PODS_ROOT}/Manifest.lock\" > /dev/null\nif [ $? != 0 ] ; then\n    # print error to STDERR\n    echo \"error: The sandbox is not in sync with the Podfile.lock. Run 'pod install' or update your CocoaPods installation.\" >&2\n    exit 1\nfi\n# This output is used by Xcode 'outputs' to avoid re-running this script phase.\necho \"SUCCESS\" > \"${SCRIPT_OUTPUT_FILE_0}\"\n";
			showEnvVarsInLog = 0;
		};
		14C325DAAC666743E7D17723 /* [CP] Embed Pods Frameworks */ = {
			isa = PBXShellScriptBuildPhase;
			buildActionMask = 2147483647;
			files = (
			);
			inputFileListPaths = (
				"${PODS_ROOT}/Target Support Files/Pods-github-ribs/Pods-github-ribs-frameworks-${CONFIGURATION}-input-files.xcfilelist",
			);
			name = "[CP] Embed Pods Frameworks";
			outputFileListPaths = (
				"${PODS_ROOT}/Target Support Files/Pods-github-ribs/Pods-github-ribs-frameworks-${CONFIGURATION}-output-files.xcfilelist",
			);
			runOnlyForDeploymentPostprocessing = 0;
			shellPath = /bin/sh;
			shellScript = "\"${PODS_ROOT}/Target Support Files/Pods-github-ribs/Pods-github-ribs-frameworks.sh\"\n";
			showEnvVarsInLog = 0;
		};
		1E70189D5540CAA3FC9EB706 /* [CP] Check Pods Manifest.lock */ = {
			isa = PBXShellScriptBuildPhase;
			buildActionMask = 2147483647;
			files = (
			);
			inputFileListPaths = (
			);
			inputPaths = (
				"${PODS_PODFILE_DIR_PATH}/Podfile.lock",
				"${PODS_ROOT}/Manifest.lock",
			);
			name = "[CP] Check Pods Manifest.lock";
			outputFileListPaths = (
			);
			outputPaths = (
				"$(DERIVED_FILE_DIR)/Pods-github-ribs-checkManifestLockResult.txt",
			);
			runOnlyForDeploymentPostprocessing = 0;
			shellPath = /bin/sh;
			shellScript = "diff \"${PODS_PODFILE_DIR_PATH}/Podfile.lock\" \"${PODS_ROOT}/Manifest.lock\" > /dev/null\nif [ $? != 0 ] ; then\n    # print error to STDERR\n    echo \"error: The sandbox is not in sync with the Podfile.lock. Run 'pod install' or update your CocoaPods installation.\" >&2\n    exit 1\nfi\n# This output is used by Xcode 'outputs' to avoid re-running this script phase.\necho \"SUCCESS\" > \"${SCRIPT_OUTPUT_FILE_0}\"\n";
			showEnvVarsInLog = 0;
		};
/* End PBXShellScriptBuildPhase section */

/* Begin PBXSourcesBuildPhase section */
		3AADBEBD24C1480800DCE61F /* Sources */ = {
			isa = PBXSourcesBuildPhase;
			buildActionMask = 2147483647;
			files = (
				3AADBEFF24C186B500DCE61F /* NetworkService.swift in Sources */,
				3AADBEFB24C171EF00DCE61F /* JobListInteractor.swift in Sources */,
				3AADBF1B24C18BD000DCE61F /* GithubJob.swift in Sources */,
				3AADBEFA24C171EF00DCE61F /* JobListBuilder.swift in Sources */,
				3A5F342A24C5850000F97A42 /* MainTableViewCell.swift in Sources */,
				3AADBF1324C1877C00DCE61F /* ErrorTracker.swift in Sources */,
				3A5F341924C533B600F97A42 /* AppComponent.swift in Sources */,
				3A5F342324C535FA00F97A42 /* JobDetailBuilder.swift in Sources */,
				3AADBF1524C1877C00DCE61F /* Observable+Ext.swift in Sources */,
				3AADBF1224C1877C00DCE61F /* Utilities.swift in Sources */,
				3AADBEEE24C14C3400DCE61F /* RootViewController.swift in Sources */,
				3A5F342024C535FA00F97A42 /* JobDetailRouter.swift in Sources */,
				3AADBEED24C14C3400DCE61F /* RootRouter.swift in Sources */,
				3AADBF1924C1877C00DCE61F /* Alertable.swift in Sources */,
				3A5F342424C535FA00F97A42 /* JobDetailInteractor.swift in Sources */,
				3AADBEF024C14C3400DCE61F /* RootInteractor.swift in Sources */,
				3AADBF0624C1871700DCE61F /* API.swift in Sources */,
				3AADBF2524C18C6C00DCE61F /* AppConfigurations.swift in Sources */,
				3A5F342224C535FA00F97A42 /* JobDetailViewController.swift in Sources */,
				3AADBEC524C1480900DCE61F /* AppDelegate.swift in Sources */,
				3AADBEC724C1480900DCE61F /* SceneDelegate.swift in Sources */,
				3AADBF1624C1877C00DCE61F /* ObservableType+Extensions.swift in Sources */,
				3AADBEEF24C14C3400DCE61F /* RootBuilder.swift in Sources */,
				3AADBEF724C171EF00DCE61F /* JobListRouter.swift in Sources */,
				3AADBF1824C1877C00DCE61F /* Data+Extensions.swift in Sources */,
				3AADBEF924C171EF00DCE61F /* JobListViewController.swift in Sources */,
				3AADBF0124C186C300DCE61F /* GIthubNetworkService.swift in Sources */,
				3AADBF0324C186CB00DCE61F /* ImageNetworkService.swift in Sources */,
				3AADBF1424C1877C00DCE61F /* ActivityIndicator.swift in Sources */,
			);
			runOnlyForDeploymentPostprocessing = 0;
		};
		3AADBED324C1480A00DCE61F /* Sources */ = {
			isa = PBXSourcesBuildPhase;
			buildActionMask = 2147483647;
			files = (
				3AADBEDC24C1480A00DCE61F /* github_ribsTests.swift in Sources */,
				3A5F342D24C5A3AC00F97A42 /* JobListTestsInteractorTests.swift in Sources */,
				3A5F342E24C5A3AC00F97A42 /* JobListTestsRouterTests.swift in Sources */,
			);
			runOnlyForDeploymentPostprocessing = 0;
		};
/* End PBXSourcesBuildPhase section */

/* Begin PBXTargetDependency section */
		3AADBED924C1480A00DCE61F /* PBXTargetDependency */ = {
			isa = PBXTargetDependency;
			target = 3AADBEC024C1480800DCE61F /* github-ribs */;
			targetProxy = 3AADBED824C1480A00DCE61F /* PBXContainerItemProxy */;
		};
/* End PBXTargetDependency section */

/* Begin PBXVariantGroup section */
		3AADBECA24C1480900DCE61F /* Main.storyboard */ = {
			isa = PBXVariantGroup;
			children = (
				3AADBECB24C1480900DCE61F /* Base */,
			);
			name = Main.storyboard;
			sourceTree = "<group>";
		};
		3AADBECF24C1480900DCE61F /* LaunchScreen.storyboard */ = {
			isa = PBXVariantGroup;
			children = (
				3AADBED024C1480900DCE61F /* Base */,
			);
			name = LaunchScreen.storyboard;
			sourceTree = "<group>";
		};
/* End PBXVariantGroup section */

/* Begin XCBuildConfiguration section */
		3AADBEDE24C1480A00DCE61F /* Debug */ = {
			isa = XCBuildConfiguration;
			buildSettings = {
				ALWAYS_SEARCH_USER_PATHS = NO;
				CLANG_ANALYZER_NONNULL = YES;
				CLANG_ANALYZER_NUMBER_OBJECT_CONVERSION = YES_AGGRESSIVE;
				CLANG_CXX_LANGUAGE_STANDARD = "gnu++14";
				CLANG_CXX_LIBRARY = "libc++";
				CLANG_ENABLE_MODULES = YES;
				CLANG_ENABLE_OBJC_ARC = YES;
				CLANG_ENABLE_OBJC_WEAK = YES;
				CLANG_WARN_BLOCK_CAPTURE_AUTORELEASING = YES;
				CLANG_WARN_BOOL_CONVERSION = YES;
				CLANG_WARN_COMMA = YES;
				CLANG_WARN_CONSTANT_CONVERSION = YES;
				CLANG_WARN_DEPRECATED_OBJC_IMPLEMENTATIONS = YES;
				CLANG_WARN_DIRECT_OBJC_ISA_USAGE = YES_ERROR;
				CLANG_WARN_DOCUMENTATION_COMMENTS = YES;
				CLANG_WARN_EMPTY_BODY = YES;
				CLANG_WARN_ENUM_CONVERSION = YES;
				CLANG_WARN_INFINITE_RECURSION = YES;
				CLANG_WARN_INT_CONVERSION = YES;
				CLANG_WARN_NON_LITERAL_NULL_CONVERSION = YES;
				CLANG_WARN_OBJC_IMPLICIT_RETAIN_SELF = YES;
				CLANG_WARN_OBJC_LITERAL_CONVERSION = YES;
				CLANG_WARN_OBJC_ROOT_CLASS = YES_ERROR;
				CLANG_WARN_RANGE_LOOP_ANALYSIS = YES;
				CLANG_WARN_STRICT_PROTOTYPES = YES;
				CLANG_WARN_SUSPICIOUS_MOVE = YES;
				CLANG_WARN_UNGUARDED_AVAILABILITY = YES_AGGRESSIVE;
				CLANG_WARN_UNREACHABLE_CODE = YES;
				CLANG_WARN__DUPLICATE_METHOD_MATCH = YES;
				COPY_PHASE_STRIP = NO;
				DEBUG_INFORMATION_FORMAT = dwarf;
				ENABLE_STRICT_OBJC_MSGSEND = YES;
				ENABLE_TESTABILITY = YES;
				GCC_C_LANGUAGE_STANDARD = gnu11;
				GCC_DYNAMIC_NO_PIC = NO;
				GCC_NO_COMMON_BLOCKS = YES;
				GCC_OPTIMIZATION_LEVEL = 0;
				GCC_PREPROCESSOR_DEFINITIONS = (
					"DEBUG=1",
					"$(inherited)",
				);
				GCC_WARN_64_TO_32_BIT_CONVERSION = YES;
				GCC_WARN_ABOUT_RETURN_TYPE = YES_ERROR;
				GCC_WARN_UNDECLARED_SELECTOR = YES;
				GCC_WARN_UNINITIALIZED_AUTOS = YES_AGGRESSIVE;
				GCC_WARN_UNUSED_FUNCTION = YES;
				GCC_WARN_UNUSED_VARIABLE = YES;
				IPHONEOS_DEPLOYMENT_TARGET = 13.0;
				MTL_ENABLE_DEBUG_INFO = INCLUDE_SOURCE;
				MTL_FAST_MATH = YES;
				ONLY_ACTIVE_ARCH = YES;
				SDKROOT = iphoneos;
				SWIFT_ACTIVE_COMPILATION_CONDITIONS = DEBUG;
				SWIFT_OPTIMIZATION_LEVEL = "-Onone";
			};
			name = Debug;
		};
		3AADBEDF24C1480A00DCE61F /* Release */ = {
			isa = XCBuildConfiguration;
			buildSettings = {
				ALWAYS_SEARCH_USER_PATHS = NO;
				CLANG_ANALYZER_NONNULL = YES;
				CLANG_ANALYZER_NUMBER_OBJECT_CONVERSION = YES_AGGRESSIVE;
				CLANG_CXX_LANGUAGE_STANDARD = "gnu++14";
				CLANG_CXX_LIBRARY = "libc++";
				CLANG_ENABLE_MODULES = YES;
				CLANG_ENABLE_OBJC_ARC = YES;
				CLANG_ENABLE_OBJC_WEAK = YES;
				CLANG_WARN_BLOCK_CAPTURE_AUTORELEASING = YES;
				CLANG_WARN_BOOL_CONVERSION = YES;
				CLANG_WARN_COMMA = YES;
				CLANG_WARN_CONSTANT_CONVERSION = YES;
				CLANG_WARN_DEPRECATED_OBJC_IMPLEMENTATIONS = YES;
				CLANG_WARN_DIRECT_OBJC_ISA_USAGE = YES_ERROR;
				CLANG_WARN_DOCUMENTATION_COMMENTS = YES;
				CLANG_WARN_EMPTY_BODY = YES;
				CLANG_WARN_ENUM_CONVERSION = YES;
				CLANG_WARN_INFINITE_RECURSION = YES;
				CLANG_WARN_INT_CONVERSION = YES;
				CLANG_WARN_NON_LITERAL_NULL_CONVERSION = YES;
				CLANG_WARN_OBJC_IMPLICIT_RETAIN_SELF = YES;
				CLANG_WARN_OBJC_LITERAL_CONVERSION = YES;
				CLANG_WARN_OBJC_ROOT_CLASS = YES_ERROR;
				CLANG_WARN_RANGE_LOOP_ANALYSIS = YES;
				CLANG_WARN_STRICT_PROTOTYPES = YES;
				CLANG_WARN_SUSPICIOUS_MOVE = YES;
				CLANG_WARN_UNGUARDED_AVAILABILITY = YES_AGGRESSIVE;
				CLANG_WARN_UNREACHABLE_CODE = YES;
				CLANG_WARN__DUPLICATE_METHOD_MATCH = YES;
				COPY_PHASE_STRIP = NO;
				DEBUG_INFORMATION_FORMAT = "dwarf-with-dsym";
				ENABLE_NS_ASSERTIONS = NO;
				ENABLE_STRICT_OBJC_MSGSEND = YES;
				GCC_C_LANGUAGE_STANDARD = gnu11;
				GCC_NO_COMMON_BLOCKS = YES;
				GCC_WARN_64_TO_32_BIT_CONVERSION = YES;
				GCC_WARN_ABOUT_RETURN_TYPE = YES_ERROR;
				GCC_WARN_UNDECLARED_SELECTOR = YES;
				GCC_WARN_UNINITIALIZED_AUTOS = YES_AGGRESSIVE;
				GCC_WARN_UNUSED_FUNCTION = YES;
				GCC_WARN_UNUSED_VARIABLE = YES;
				IPHONEOS_DEPLOYMENT_TARGET = 13.0;
				MTL_ENABLE_DEBUG_INFO = NO;
				MTL_FAST_MATH = YES;
				SDKROOT = iphoneos;
				SWIFT_COMPILATION_MODE = wholemodule;
				SWIFT_OPTIMIZATION_LEVEL = "-O";
				VALIDATE_PRODUCT = YES;
			};
			name = Release;
		};
		3AADBEE124C1480A00DCE61F /* Debug */ = {
			isa = XCBuildConfiguration;
			baseConfigurationReference = B3AD9F195DAFCB572630B183 /* Pods-github-ribs.debug.xcconfig */;
			buildSettings = {
				ASSETCATALOG_COMPILER_APPICON_NAME = AppIcon;
				CODE_SIGN_STYLE = Automatic;
				DEVELOPMENT_TEAM = LRUHN5QC56;
				INFOPLIST_FILE = "github-ribs/Info.plist";
				LD_RUNPATH_SEARCH_PATHS = (
					"$(inherited)",
					"@executable_path/Frameworks",
				);
				PRODUCT_BUNDLE_IDENTIFIER = "io.hsleedevelop.github-ribs";
				PRODUCT_NAME = "$(TARGET_NAME)";
				SWIFT_VERSION = 5.0;
				TARGETED_DEVICE_FAMILY = "1,2";
			};
			name = Debug;
		};
		3AADBEE224C1480A00DCE61F /* Release */ = {
			isa = XCBuildConfiguration;
			baseConfigurationReference = 0819918586F59D7EEFAF8063 /* Pods-github-ribs.release.xcconfig */;
			buildSettings = {
				ASSETCATALOG_COMPILER_APPICON_NAME = AppIcon;
				CODE_SIGN_STYLE = Automatic;
				DEVELOPMENT_TEAM = LRUHN5QC56;
				INFOPLIST_FILE = "github-ribs/Info.plist";
				LD_RUNPATH_SEARCH_PATHS = (
					"$(inherited)",
					"@executable_path/Frameworks",
				);
				PRODUCT_BUNDLE_IDENTIFIER = "io.hsleedevelop.github-ribs";
				PRODUCT_NAME = "$(TARGET_NAME)";
				SWIFT_VERSION = 5.0;
				TARGETED_DEVICE_FAMILY = "1,2";
			};
			name = Release;
		};
		3AADBEE424C1480A00DCE61F /* Debug */ = {
			isa = XCBuildConfiguration;
			baseConfigurationReference = 534317AADED6AF752FA713BC /* Pods-github-ribsTests.debug.xcconfig */;
			buildSettings = {
				ALWAYS_EMBED_SWIFT_STANDARD_LIBRARIES = YES;
				BUNDLE_LOADER = "$(TEST_HOST)";
				CODE_SIGN_STYLE = Automatic;
				DEVELOPMENT_TEAM = LRUHN5QC56;
				INFOPLIST_FILE = "github-ribsTests/Info.plist";
				IPHONEOS_DEPLOYMENT_TARGET = 13.6;
				LD_RUNPATH_SEARCH_PATHS = (
					"$(inherited)",
					"@executable_path/Frameworks",
					"@loader_path/Frameworks",
				);
				PRODUCT_BUNDLE_IDENTIFIER = "io.hsleedevelop.github-ribsTests";
				PRODUCT_NAME = "$(TARGET_NAME)";
				SWIFT_VERSION = 5.0;
				TARGETED_DEVICE_FAMILY = "1,2";
				TEST_HOST = "$(BUILT_PRODUCTS_DIR)/github-ribs.app/github-ribs";
			};
			name = Debug;
		};
		3AADBEE524C1480A00DCE61F /* Release */ = {
			isa = XCBuildConfiguration;
			baseConfigurationReference = 52DFA58854229262AE4A7D1B /* Pods-github-ribsTests.release.xcconfig */;
			buildSettings = {
				ALWAYS_EMBED_SWIFT_STANDARD_LIBRARIES = YES;
				BUNDLE_LOADER = "$(TEST_HOST)";
				CODE_SIGN_STYLE = Automatic;
				DEVELOPMENT_TEAM = LRUHN5QC56;
				INFOPLIST_FILE = "github-ribsTests/Info.plist";
				IPHONEOS_DEPLOYMENT_TARGET = 13.6;
				LD_RUNPATH_SEARCH_PATHS = (
					"$(inherited)",
					"@executable_path/Frameworks",
					"@loader_path/Frameworks",
				);
				PRODUCT_BUNDLE_IDENTIFIER = "io.hsleedevelop.github-ribsTests";
				PRODUCT_NAME = "$(TARGET_NAME)";
				SWIFT_VERSION = 5.0;
				TARGETED_DEVICE_FAMILY = "1,2";
				TEST_HOST = "$(BUILT_PRODUCTS_DIR)/github-ribs.app/github-ribs";
			};
			name = Release;
		};
/* End XCBuildConfiguration section */

/* Begin XCConfigurationList section */
		3AADBEBC24C1480800DCE61F /* Build configuration list for PBXProject "github-ribs" */ = {
			isa = XCConfigurationList;
			buildConfigurations = (
				3AADBEDE24C1480A00DCE61F /* Debug */,
				3AADBEDF24C1480A00DCE61F /* Release */,
			);
			defaultConfigurationIsVisible = 0;
			defaultConfigurationName = Release;
		};
		3AADBEE024C1480A00DCE61F /* Build configuration list for PBXNativeTarget "github-ribs" */ = {
			isa = XCConfigurationList;
			buildConfigurations = (
				3AADBEE124C1480A00DCE61F /* Debug */,
				3AADBEE224C1480A00DCE61F /* Release */,
			);
			defaultConfigurationIsVisible = 0;
			defaultConfigurationName = Release;
		};
		3AADBEE324C1480A00DCE61F /* Build configuration list for PBXNativeTarget "github-ribsTests" */ = {
			isa = XCConfigurationList;
			buildConfigurations = (
				3AADBEE424C1480A00DCE61F /* Debug */,
				3AADBEE524C1480A00DCE61F /* Release */,
			);
			defaultConfigurationIsVisible = 0;
			defaultConfigurationName = Release;
		};
/* End XCConfigurationList section */
	};
	rootObject = 3AADBEB924C1480800DCE61F /* Project object */;
}
